{
    "_meta": {
        "hash": {
            "sha256": "43cc68e4481f12c97e23ef48db32b2240bf3ba32f5c004f760f0e5264141188c"
        },
        "pipfile-spec": 6,
        "requires": {
            "python_version": "3.8"
        },
        "sources": [
            {
                "name": "pypi",
                "url": "https://pypi.python.org/simple",
                "verify_ssl": true
            }
        ]
    },
    "default": {
        "basescript": {
            "hashes": [
                "sha256:1438b889b237d3c17be4c4df496b361f5715f1bf94c2bb662c294cc2e565d27c",
                "sha256:3fe130bdbcc2e332acdf037cbabf88f3191f4d1009ba41d7b9b59163636cf8bd"
            ],
            "index": "pypi",
            "version": "==0.3.9"
        },
        "certifi": {
            "hashes": [
                "sha256:35824b4c3a97115964b408844d64aa14db1cc518f6562e8d7261699d1350a9e3",
                "sha256:4ad3232f5e926d6718ec31cfc1fcadfde020920e278684144551c91769c7bc18"
            ],
            "version": "==2022.12.7"
        },
        "charset-normalizer": {
            "hashes": [
                "sha256:5a3d016c7c547f69d6f81fb0db9449ce888b418b5b9952cc5e6e66843e9dd845",
                "sha256:83e9a75d1911279afd89352c68b45348559d1fc0506b054b346651b5e7fee29f"
            ],
            "version": "==2.1.1"
        },
        "colorama": {
            "hashes": [
                "sha256:463f8483208e921368c9f306094eb6f725c6ca42b0f97e313cb5d5512459feda",
                "sha256:48eb22f4f8461b1df5734a074b57042430fb06e1d61bd1e11b078c0fe6d7a1f1"
            ],
            "version": "==0.3.9"
        },
        "deeputil": {
            "hashes": [
                "sha256:901e266ffe1b0d4a54cbbbdf1f14e84c7110a919f57ac4047dbf97fd2dbd65fb",
                "sha256:f2eec6f7a6e1ffd1bee029193d3a9166e0ce03c3d709a322f528bc1528d1d158"
            ],
            "version": "==0.2.9"
        },
        "django": {
            "hashes": [
                "sha256:52a66d7f8b036d02da0a4472359e8be1727424fc1e4b4f5c684ef97de7b569e1",
                "sha256:c85b8c95366e187ca0581d45a6e508107ca4bd38cb45c24aa09d3572074c523d"
            ],
            "index": "pypi",
            "version": "==1.11.23"
        },
        "future": {
            "hashes": [
                "sha256:e39ced1ab767b5936646cedba8bcce582398233d6a627067d4c6a454c90cfedb"
            ],
            "version": "==0.16.0"
        },
        "idna": {
            "hashes": [
                "sha256:814f528e8dead7d329833b91c5faa87d60bf71824cd12a7530b5526063d02cb4",
                "sha256:90b77e79eaa3eba6de819a0c442c0b4ceefc341a7a2ab77d7562bf49f425c5c2"
            ],
            "version": "==3.4"
        },
        "jq": {
            "hashes": [
                "sha256:0015b80570b38176f5ac22049b957d4f34ee8030f6ee89955f95bce4bfff8451",
                "sha256:028604640ba281c2bc5fa1b4284078d4d56d9431c96b6f71715fd801a3d2cdfb",
                "sha256:05d44bdf6a97ad4866ad099fed5297214a58e1e3e56657be41495c69ce74aa11",
                "sha256:06d02868ec10cf1e744fda3ec1b6928eb2a05fbbb3b52383c85285d52e8e000a",
                "sha256:0d8c8a0e7bc6f738e482472b4fbb6be97eab707924661782e90c378327688b29",
                "sha256:0dc8ca9e2ea1afc8e856e92eee70f6ab728342d1c071c741b2047d5c08961d8a",
                "sha256:118070043a369378feadf22f091e57b4054b3325ccdc248e1f19c8586bfe9e6f",
                "sha256:11d6e7c98efcb38b95481687310ed0ec7f230cc8916ac1c054827552f45ece5d",
                "sha256:150aeaa02d57fc9c4966c7af8c6c2a9c6736f82a798c7bc72b44dd7970f1f8d8",
                "sha256:1569aa11654a686be9323c9c4329d4a961dd96f9f0b9800eb3bdd939b017cb8a",
                "sha256:16e28f6964b827a5170a0d7f086367601ef1d420952de81934e79cff638a6bc8",
                "sha256:18bb7c70fc01f5e4739b1ac3cbab958eae881b1991615c973b9cdcfcd06ce93f",
                "sha256:228c42e825007277fd01ad71f6ea93bda289fe45693b2d3649eeb87b75a6b083",
                "sha256:28c6ec10c97e697ca73d1fe188c340d53ad17fc4b42fcca87570c060f9364c55",
                "sha256:3c7b8f71778fb4140e923bb716caef0709e6f64d33ea369236f1d43c76d62f7a",
                "sha256:4b46fe1f91423699337c5f3b1001943b911bb54a9e045a1b8d6493142f4acc45",
                "sha256:4bc0680f7b4cff6a9077a288e6e166a327eb916a50041cf10d9d3df289b1e5d1",
                "sha256:4edd3edde1bec54408dc14a4ab4350523e2d69c15cac58033459cff3ff814ca9",
                "sha256:52cce695dafc461becee6d14889918db7cccafd6f3c28e9174042caa7e017e96",
                "sha256:52ffba73a294949dfddef52a70672e3d5bc694f9e593d3cbcc115449c735e26c",
                "sha256:56ea972fd697aea1658c56bd18da9d2ae2494ae9be627858a5152d70cdea75f2",
                "sha256:5952b363fd44e4c2e1ceb8a88c0205699ee4eb060c34e1b590f39f3490533549",
                "sha256:5ae2b94979bcd6a183aa18056bce975d5081199d83cbf914ff71aecab4e0a2d4",
                "sha256:5c4e9d9cdf5e63bddeea01d1150903dcb45c3fbd028ecf4578561b0b6dddb8dc",
                "sha256:673ec567be3644166a367627e8393944ce2d21b2e14dc1f4be48b2e3082ccfc2",
                "sha256:6b07ad65aa9fca72b7e722585bac5a5e13280257abe9e9d5af845a003e66ff8b",
                "sha256:6c427bb8f782eb4ac0326b9f65d5f002bd9a5947d9bc715e662cda659361c48c",
                "sha256:71d5725dae1dd2f636fb696865a10f260610a23ea029ca7b78f2b7c033b3b148",
                "sha256:75fd74d74e0f78f513fd8517d39fee591b6dc194b422e5b2d88b77899a79a2a9",
                "sha256:78d13cbeb6dd512adcf2bbebf393c18e3c0b7e3e366ce7a05b46310ce2924a65",
                "sha256:7b1ad8a91623fa3c5cecff9dc398eebf7e5e82ba9982f60e5ef17172d78a4ecc",
                "sha256:7c09caae5a24a3216a1bb812489e1ad6bc0e2b7410853c930c272a4ab65c8667",
                "sha256:8d263927eb8140c174e715da2ad8c009e65e7d3fa82b8af176744b9367aae860",
                "sha256:95160aa31efde7939763c80767e85d9a34544ab87e7ed66ee13f42dbc4595d37",
                "sha256:96b66f41a91c9794f8051cc32d8fd3206c6409693f0076b22eacb4faa0bc504f",
                "sha256:96da9428a158fa377ec1f432e4790ce3e0640e28004aa1cb6486db374277c6a1",
                "sha256:980ac3ad4fa9e61bbec4e17d0d01c7bad11decca49620d9766aff047a4043eb9",
                "sha256:b3352b273e17e530de5cfbf55cdba68d6231cdf0ac10ca6baf438e41fd43e881",
                "sha256:ba4afcb00c1fc8d1f0d79f0029345f91e207909fd2c125aeedbf7b4cf2c1fc84",
                "sha256:bb72811aa78cf0f82d512731c47e69611168909b991b43481d2a6dc0da940835",
                "sha256:bbf73f553e23f99c33463041dc04de3b5a5eefdfc35bd9e2e33ba4f7b060249e",
                "sha256:d49afd3743d9703d31ed2148d9c5d8edc7bf1c894688f4c72b0d9ef5e0add7b3",
                "sha256:dab5daca625ba4c10c3579d55fe057b063ad609f0c0382ae6e28936d7ec8a772",
                "sha256:e874298835c55e60bbf27bc21799ec64bc1305a0b1dcc4646f2755210fe43bfa",
                "sha256:e97578a5e53b06481dbdf5b88e38e6dd856b53ba7bd68678ceadb50de3799fd1",
                "sha256:e97850b803ea8604cd14645a63ad5863d86fdbfaf0bede0da0490c3108956bd0",
                "sha256:ead1c073cf33326be15a879475e3dd8b5f5a70ccff95acafbba56ea3d231803d",
                "sha256:eb28afd2e43e1ece66618381b646ff1da65fc129f0d9cc600ec224f384add061",
                "sha256:ec2255c7fe76070a8ee52cc3d32a7cd7f84fca9a6048873c01b07ca1c70db295",
                "sha256:ee0503d45e8b24dd4757460e7664c275aed9a6e5f4986b16a483dc11fb83c19b",
                "sha256:f36e1d4837383489b0e0c2c70da06c2cb6332bca4fa864b0c7a1500abfed384a",
                "sha256:fa0a8032416746edb57ea570cafc99026c2c240d8a0624c0a43631fc82cc0efa",
                "sha256:fa7724caaedf6c48522a6805e4306978defc5f0d6bd6ab0d25eeb7207dae9a90",
                "sha256:fd04032736f7b94d1e0720634038cc58980f5eeac7e280bbf5f70e03c7f1afd9",
                "sha256:fe9fb7748e39b30b5723a7f6695e2f6c58707563b94f1239766d2c8b9550f147"
            ],
            "index": "pypi",
            "version": "==1.3.0"
        },
        "kwikapi": {
            "hashes": [
                "sha256:5db792abeef71109f70a7b41f7fc30729b46129ed18fc1ab2f804b7de6efadc4",
                "sha256:5fd6459ac001f58f6a043ec186173916627637fac390b08163db25109568a458"
            ],
            "index": "pypi",
            "version": "==0.5.15"
        },
        "kwikapi-django": {
            "hashes": [
                "sha256:416f29a84469f68d8384a27cb41cfdb55c79deac0f3c5de71718359569750a21",
                "sha256:507b2d1a48f06ce06080e81e4c2e5e46d47dfaeff53b5d92a3f376e0e62f2175"
            ],
            "index": "pypi",
            "version": "==0.2.8"
        },
        "msgpack-python": {
            "hashes": [
                "sha256:69aa1eb0e13be1d3bd495ca937eae66df4431126f5cfd5491dc40370e5644853"
            ],
            "version": "==0.5.1"
        },
        "numpy": {
            "hashes": [
                "sha256:1c362ad12dd09a43b348bb28dd2295dd9cdf77f41f0f45965e04ba97f525b864",
                "sha256:2156a06bd407918df4ac0122df6497a9c137432118f585e5b17d543e593d1587",
                "sha256:24e4149c38489b51fc774b1e1faa9103e82f73344d7a00ba66f6845ab4769f3f",
                "sha256:340ec1697d9bb3a9c464028af7a54245298502e91178bddb4c37626d36e197b7",
                "sha256:35db8d419345caa4eeaa65cd63f34a15208acd87530a30f0bc25fc84f55c8c80",
                "sha256:361370e9b7f5e44c41eee29f2bb5cb3b755abb4b038bce6d6cbe08db7ff9cb74",
                "sha256:36e8dcd1813ca92ce7e4299120cee6c03adad33d89b54862c1b1a100443ac399",
                "sha256:378378973546ecc1dfaf9e24c160d683dd04df871ecd2dcc86ce658ca20f92c0",
                "sha256:419e6faee16097124ee627ed31572c7e80a1070efa25260b78097cca240e219a",
                "sha256:4287104c24e6a09b9b418761a1e7b1bbde65105f110690ca46a23600a3c606b8",
                "sha256:549f3e9778b148a47f4fb4682955ed88057eb627c9fe5467f33507c536deda9d",
                "sha256:5e359e9c531075220785603e5966eef20ccae9b3b6b8a06fdfb66c084361ce92",
                "sha256:5ee7f3dbbdba0da75dec7e94bd7a2b10fe57a83e1b38e678200a6ad8e7b14fdc",
                "sha256:62d55e96ec7b117d3d5e618c15efcf769e70a6effaee5842857b64fb4883887a",
                "sha256:719b6789acb2bc86ea9b33a701d7c43dc2fc56d95107fd3c5b0a8230164d4dfb",
                "sha256:7a70f2b60d48828cba94a54a8776b61a9c2657a803d47f5785f8062e3a9c7c55",
                "sha256:7b9e37f194f8bcdca8e9e6af92e2cbad79e360542effc2dd6b98d63955d8d8a3",
                "sha256:83b8fc18261b70f45bece2d392537c93dc81eb6c539a16c9ac994c47fc79f09a",
                "sha256:9473ad28375710ab18378e72b59422399b27e957e9339c413bf00793b4b12df0",
                "sha256:95b085b253080e5d09f7826f5e27dce067bae813a132023a77b739614a29de6e",
                "sha256:98b86c62c08c2e5dc98a9c856d4a95329d11b1c6058cb9b5191d5ea6891acd09",
                "sha256:a3bd01d6d3ed3d7c06d7f9979ba5d68281f15383fafd53b81aa44b9191047cf8",
                "sha256:c81a6afc1d2531a9ada50b58f8c36197f8418ef3d0611d4c1d7af93fdcda764f",
                "sha256:ce75ed495a746e3e78cfa22a77096b3bff2eda995616cb7a542047f233091268",
                "sha256:dae8618c0bcbfcf6cf91350f8abcdd84158323711566a8c5892b5c7f832af76f",
                "sha256:df0b02c6705c5d1c25cc35c7b5d6b6f9b3b30833f9d178843397ae55ecc2eebb",
                "sha256:e3660744cda0d94b90141cdd0db9308b958a372cfeee8d7188fdf5ad9108ea82",
                "sha256:f2362d0ca3e16c37782c1054d7972b8ad2729169567e3f0f4e5dd3cdf85f188e"
            ],
            "version": "==1.15.1"
        },
        "pytz": {
            "hashes": [
                "sha256:07edfc3d4d2705a20a6e99d97f0c4b61c800b8232dc1c04d87e8554f130148dd",
                "sha256:3a47ff71597f821cd84a162e71593004286e5be07a340fd462f0d33a760782b5",
                "sha256:410bcd1d6409026fbaa65d9ed33bf6dd8b1e94a499e32168acfc7b332e4095c0",
                "sha256:5bd55c744e6feaa4d599a6cbd8228b4f8f9ba96de2c38d56f08e534b3c9edf0d",
                "sha256:61242a9abc626379574a166dc0e96a66cd7c3b27fc10868003fa210be4bff1c9",
                "sha256:887ab5e5b32e4d0c86efddd3d055c1f363cbaa583beb8da5e22d2fa2f64d51ef",
                "sha256:ba18e6a243b3625513d85239b3e49055a2f0318466e0b8a92b8fb8ca7ccdf55f",
                "sha256:ed6509d9af298b7995d69a440e2822288f2eca1681b8cce37673dbb10091e5fe",
                "sha256:f93ddcdd6342f94cea379c73cddb5724e0d6d0a1c91c9bdef364dc0368ba4fda"
            ],
            "version": "==2018.3"
        },
        "pyyaml": {
            "hashes": [
                "sha256:57acc1d8533cbe51f6662a55434f0dbecfa2b9eaf115bede8f6fd00115a0c0d3",
                "sha256:588c94b3d16b76cfed8e0be54932e5729cc185caffaa5a451e7ad2f7ed8b4043",
                "sha256:68c8dd247f29f9a0d09375c9c6b8fdc64b60810ebf07ba4cdd64ceee3a58c7b7",
                "sha256:70d9818f1c9cd5c48bb87804f2efc8692f1023dac7f1a1a5c61d454043c1d265",
                "sha256:86a93cccd50f8c125286e637328ff4eef108400dd7089b46a7be3445eecfa391",
                "sha256:a0f329125a926876f647c9fa0ef32801587a12328b4a3c741270464e3e4fa778",
                "sha256:a3c252ab0fa1bb0d5a3f6449a4826732f3eb6c0270925548cac342bc9b22c225",
                "sha256:b4bb4d3f5e232425e25dda21c070ce05168a786ac9eda43768ab7f3ac2770955",
                "sha256:cd0618c5ba5bda5f4039b9398bb7fb6a317bb8298218c3de25c47c4740e4b95e",
                "sha256:ceacb9e5f8474dcf45b940578591c7f3d960e82f926c707788a570b51ba59190",
                "sha256:fe6a88094b64132c4bb3b631412e90032e8cfe9745a58370462240b8cb7553cd"
            ],
            "version": "==5.1.1"
        },
        "repoze.lru": {
            "hashes": [
                "sha256:0429a75e19380e4ed50c0694e26ac8819b4ea7851ee1fc7583c8572db80aff77",
                "sha256:f77bf0e1096ea445beadd35f3479c5cff2aa1efe604a133e67150bc8630a62ea"
            ],
            "version": "==0.7"
        },
        "requests": {
            "hashes": [
                "sha256:7c5599b102feddaa661c826c56ab4fee28bfd17f5abca1ebbe3e7f19d7c97983",
                "sha256:8fefa2a1a1365bf5520aac41836fbee479da67864514bdb821f31ce07ce65349"
            ],
            "version": "==2.28.1"
        },
        "six": {
            "hashes": [
                "sha256:1e61c37477a1626458e36f7b1d82aa5c9b094fa4802892072e49de9c60c4c926",
                "sha256:8abb2f1d86890a2dfb989f9a77cfcfd3e47c2a354b01111771326f8aa26e0254"
            ],
            "version": "==1.16.0"
        },
        "structlog": {
            "hashes": [
                "sha256:0b0d9b2e34c82d33f540252b9c8853c50521ccf7d7b5e2f30172a0850cba77dd",
                "sha256:ff1e7aae015b346060c03b1cc4a1f29d428de7d858eaf06ea93ee35ac51071a0"
            ],
            "version": "==18.1.0"
        },
        "urllib3": {
            "hashes": [
                "sha256:47cc05d99aaa09c9e72ed5809b60e7ba354e64b59c9c173ac3018642d8bb41fc",
                "sha256:c083dd0dce68dbfbe1129d5271cb90f9447dea7d52097c6e0126120c521ddea8"
            ],
            "version": "==1.26.13"
        }
    },
    "develop": {}
}
